{
  "name": "superset",
  "version": "0.19.0",
  "lockfileVersion": 1,
  "dependencies": {
    "d3-color": {
      "version": "1.0.3",
      "resolved": "https://registry.npmjs.org/d3-color/-/d3-color-1.0.3.tgz",
      "integrity": "sha1-vHZD/KjlOoNH4vva/6I2eWtYUJs="
    },
    "d3-interpolate": {
      "version": "1.1.5",
      "resolved": "https://registry.npmjs.org/d3-interpolate/-/d3-interpolate-1.1.5.tgz",
      "integrity": "sha1-aeCZ/zkhRxblY8muw+qdHqS4p58="
    },
    "d3-scale-chromatic": {
      "version": "1.1.1",
      "resolved": "https://registry.npmjs.org/d3-scale-chromatic/-/d3-scale-chromatic-1.1.1.tgz",
      "integrity": "sha1-gRQG6OCdq3iknaxKMgR9XT7dDEQ="
    }
  }
}
